
Microsoft Visual Studio Solution File, Format Version 12.00
# Visual Studio Version 16
VisualStudioVersion = 16.0.32428.217
MinimumVisualStudioVersion = 10.0.40219.1
Project("{FAE04EC0-301F-11D3-BF4B-00C04F79EFBC}") = "TestScore", "TestScore\TestScore.csproj", "{E1FBF8E6-F39D-42EF-AD8E-02AA1B78A99C}"
EndProject
Global
	GlobalSection(SolutionConfigurationPlatforms) = preSolution
		Debug|Any CPU = Debug|Any CPU
		Release|Any CPU = Release|Any CPU
	EndGlobalSection
	GlobalSection(ProjectConfigurationPlatforms) = postSolution
		{E1FBF8E6-F39D-42EF-AD8E-02AA1B78A99C}.Debug|Any CPU.ActiveCfg = Debug|Any CPU
		{E1FBF8E6-F39D-42EF-AD8E-02AA1B78A99C}.Debug|Any CPU.Build.0 = Debug|Any CPU
		{E1FBF8E6-F39D-42EF-AD8E-02AA1B78A99C}.Release|Any CPU.ActiveCfg = Release|Any CPU
		{E1FBF8E6-F39D-42EF-AD8E-02AA1B78A99C}.Release|Any CPU.Build.0 = Release|Any CPU
	EndGlobalSection
	GlobalSection(SolutionProperties) = preSolution
		HideSolutionNode = FALSE
	EndGlobalSection
	GlobalSection(ExtensibilityGlobals) = postSolution
		SolutionGuid = {2AC9746A-77D3-45F1-9454-BE91E0389F36}
	EndGlobalSection
EndGlobal
